// !$*UTF8*$!
{
	archiveVersion = 1;
	classes = {
	};
	objectVersion = 48;
	objects = {

/* Begin PBXBuildFile section */
		7C15318B2066BC830032C095 /* OPTabBarController.m in Sources */ = {isa = PBXBuildFile; fileRef = 7C15318A2066BC830032C095 /* OPTabBarController.m */; };
		7CD46C7B20668BD3002B3745 /* AppDelegate.m in Sources */ = {isa = PBXBuildFile; fileRef = 7CD46C7A20668BD3002B3745 /* AppDelegate.m */; };
		7CD46C8120668BD3002B3745 /* Main.storyboard in Resources */ = {isa = PBXBuildFile; fileRef = 7CD46C7F20668BD3002B3745 /* Main.storyboard */; };
		7CD46C8320668BD3002B3745 /* Assets.xcassets in Resources */ = {isa = PBXBuildFile; fileRef = 7CD46C8220668BD3002B3745 /* Assets.xcassets */; };
		7CD46C8620668BD3002B3745 /* LaunchScreen.storyboard in Resources */ = {isa = PBXBuildFile; fileRef = 7CD46C8420668BD3002B3745 /* LaunchScreen.storyboard */; };
		7CD46C8920668BD3002B3745 /* main.m in Sources */ = {isa = PBXBuildFile; fileRef = 7CD46C8820668BD3002B3745 /* main.m */; };
		7CD46C9120668C66002B3745 /* OPCustomLabel.m in Sources */ = {isa = PBXBuildFile; fileRef = 7CD46C9020668C66002B3745 /* OPCustomLabel.m */; };
/* End PBXBuildFile section */

/* Begin PBXFileReference section */
		7C1531892066BC830032C095 /* OPTabBarController.h */ = {isa = PBXFileReference; lastKnownFileType = sourcecode.c.h; path = OPTabBarController.h; sourceTree = "<group>"; };
		7C15318A2066BC830032C095 /* OPTabBarController.m */ = {isa = PBXFileReference; lastKnownFileType = sourcecode.c.objc; path = OPTabBarController.m; sourceTree = "<group>"; };
		7CD46C7620668BD3002B3745 /* CustomTabBar.app */ = {isa = PBXFileReference; explicitFileType = wrapper.application; includeInIndex = 0; path = CustomTabBar.app; sourceTree = BUILT_PRODUCTS_DIR; };
		7CD46C7920668BD3002B3745 /* AppDelegate.h */ = {isa = PBXFileReference; lastKnownFileType = sourcecode.c.h; path = AppDelegate.h; sourceTree = "<group>"; };
		7CD46C7A20668BD3002B3745 /* AppDelegate.m */ = {isa = PBXFileReference; lastKnownFileType = sourcecode.c.objc; path = AppDelegate.m; sourceTree = "<group>"; };
		7CD46C8020668BD3002B3745 /* Base */ = {isa = PBXFileReference; lastKnownFileType = file.storyboard; name = Base; path = Base.lproj/Main.storyboard; sourceTree = "<group>"; };
		7CD46C8220668BD3002B3745 /* Assets.xcassets */ = {isa = PBXFileReference; lastKnownFileType = folder.assetcatalog; path = Assets.xcassets; sourceTree = "<group>"; };
		7CD46C8520668BD3002B3745 /* Base */ = {isa = PBXFileReference; lastKnownFileType = file.storyboard; name = Base; path = Base.lproj/LaunchScreen.storyboard; sourceTree = "<group>"; };
		7CD46C8720668BD3002B3745 /* Info.plist */ = {isa = PBXFileReference; lastKnownFileType = text.plist.xml; path = Info.plist; sourceTree = "<group>"; };
		7CD46C8820668BD3002B3745 /* main.m */ = {isa = PBXFileReference; lastKnownFileType = sourcecode.c.objc; path = main.m; sourceTree = "<group>"; };
		7CD46C8F20668C66002B3745 /* OPCustomLabel.h */ = {isa = PBXFileReference; lastKnownFileType = sourcecode.c.h; path = OPCustomLabel.h; sourceTree = "<group>"; };
		7CD46C9020668C66002B3745 /* OPCustomLabel.m */ = {isa = PBXFileReference; lastKnownFileType = sourcecode.c.objc; path = OPCustomLabel.m; sourceTree = "<group>"; };
/* End PBXFileReference section */

/* Begin PBXFrameworksBuildPhase section */
		7CD46C7320668BD3002B3745 /* Frameworks */ = {
			isa = PBXFrameworksBuildPhase;
			buildActionMask = 2147483647;
			files = (
			);
			runOnlyForDeploymentPostprocessing = 0;
		};
/* End PBXFrameworksBuildPhase section */

/* Begin PBXGroup section */
		7CD46C6D20668BD3002B3745 = {
			isa = PBXGroup;
			children = (
				7CD46C7820668BD3002B3745 /* CustomTabBar */,
				7CD46C7720668BD3002B3745 /* Products */,
			);
			sourceTree = "<group>";
		};
		7CD46C7720668BD3002B3745 /* Products */ = {
			isa = PBXGroup;
			children = (
				7CD46C7620668BD3002B3745 /* CustomTabBar.app */,
			);
			name = Products;
			sourceTree = "<group>";
		};
		7CD46C7820668BD3002B3745 /* CustomTabBar */ = {
			isa = PBXGroup;
			children = (
				7CD46C7920668BD3002B3745 /* AppDelegate.h */,
				7CD46C7A20668BD3002B3745 /* AppDelegate.m */,
				7CD46C8F20668C66002B3745 /* OPCustomLabel.h */,
				7CD46C9020668C66002B3745 /* OPCustomLabel.m */,
				7C1531892066BC830032C095 /* OPTabBarController.h */,
				7C15318A2066BC830032C095 /* OPTabBarController.m */,
				7CD46C7F20668BD3002B3745 /* Main.storyboard */,
				7CD46C8220668BD3002B3745 /* Assets.xcassets */,
				7CD46C8420668BD3002B3745 /* LaunchScreen.storyboard */,
				7CD46C8720668BD3002B3745 /* Info.plist */,
				7CD46C8820668BD3002B3745 /* main.m */,
			);
			path = CustomTabBar;
			sourceTree = "<group>";
		};
/* End PBXGroup section */

/* Begin PBXNativeTarget section */
		7CD46C7520668BD3002B3745 /* CustomTabBar */ = {
			isa = PBXNativeTarget;
			buildConfigurationList = 7CD46C8C20668BD3002B3745 /* Build configuration list for PBXNativeTarget "CustomTabBar" */;
			buildPhases = (
				7CD46C7220668BD3002B3745 /* Sources */,
				7CD46C7320668BD3002B3745 /* Frameworks */,
				7CD46C7420668BD3002B3745 /* Resources */,
			);
			buildRules = (
			);
			dependencies = (
			);
			name = CustomTabBar;
			productName = CustomTabBar;
			productReference = 7CD46C7620668BD3002B3745 /* CustomTabBar.app */;
			productType = "com.apple.product-type.application";
		};
/* End PBXNativeTarget section */

/* Begin PBXProject section */
		7CD46C6E20668BD3002B3745 /* Project object */ = {
			isa = PBXProject;
			attributes = {
				LastUpgradeCheck = 0920;
				ORGANIZATIONNAME = Oleg;
				TargetAttributes = {
					7CD46C7520668BD3002B3745 = {
						CreatedOnToolsVersion = 9.2;
						ProvisioningStyle = Automatic;
					};
				};
			};
			buildConfigurationList = 7CD46C7120668BD3002B3745 /* Build configuration list for PBXProject "CustomTabBar" */;
			compatibilityVersion = "Xcode 8.0";
			developmentRegion = en;
			hasScannedForEncodings = 0;
			knownRegions = (
				en,
				Base,
			);
			mainGroup = 7CD46C6D20668BD3002B3745;
			productRefGroup = 7CD46C7720668BD3002B3745 /* Products */;
			projectDirPath = "";
			projectRoot = "";
			targets = (
				7CD46C7520668BD3002B3745 /* CustomTabBar */,
			);
		};
/* End PBXProject section */

/* Begin PBXResourcesBuildPhase section */
		7CD46C7420668BD3002B3745 /* Resources */ = {
			isa = PBXResourcesBuildPhase;
			buildActionMask = 2147483647;
			files = (
				7CD46C8620668BD3002B3745 /* LaunchScreen.storyboard in Resources */,
				7CD46C8320668BD3002B3745 /* Assets.xcassets in Resources */,
				7CD46C8120668BD3002B3745 /* Main.storyboard in Resources */,
			);
			runOnlyForDeploymentPostprocessing = 0;
		};
/* End PBXResourcesBuildPhase section */

/* Begin PBXSourcesBuildPhase section */
		7CD46C7220668BD3002B3745 /* Sources */ = {
			isa = PBXSourcesBuildPhase;
			buildActionMask = 2147483647;
			files = (
				7CD46C9120668C66002B3745 /* OPCustomLabel.m in Sources */,
				7CD46C8920668BD3002B3745 /* main.m in Sources */,
				7C15318B2066BC830032C095 /* OPTabBarController.m in Sources */,
				7CD46C7B20668BD3002B3745 /* AppDelegate.m in Sources */,
			);
			runOnlyForDeploymentPostprocessing = 0;
		};
/* End PBXSourcesBuildPhase section */

/* Begin PBXVariantGroup section */
		7CD46C7F20668BD3002B3745 /* Main.storyboard */ = {
			isa = PBXVariantGroup;
			children = (
				7CD46C8020668BD3002B3745 /* Base */,
			);
			name = Main.storyboard;
			sourceTree = "<group>";
		};
		7CD46C8420668BD3002B3745 /* LaunchScreen.storyboard */ = {
			isa = PBXVariantGroup;
			children = (
				7CD46C8520668BD3002B3745 /* Base */,
			);
			name = LaunchScreen.storyboard;
			sourceTree = "<group>";
		};
/* End PBXVariantGroup section */

/* Begin XCBuildConfiguration section */
		7CD46C8A20668BD3002B3745 /* Debug */ = {
			isa = XCBuildConfiguration;
			buildSettings = {
				ALWAYS_SEARCH_USER_PATHS = NO;
				CLANG_ANALYZER_NONNULL = YES;
				CLANG_ANALYZER_NUMBER_OBJECT_CONVERSION = YES_AGGRESSIVE;
				CLANG_CXX_LANGUAGE_STANDARD = "gnu++14";
				CLANG_CXX_LIBRARY = "libc++";
				CLANG_ENABLE_MODULES = YES;
				CLANG_ENABLE_OBJC_ARC = YES;
				CLANG_WARN_BLOCK_CAPTURE_AUTORELEASING = YES;
				CLANG_WARN_BOOL_CONVERSION = YES;
				CLANG_WARN_COMMA = YES;
				CLANG_WARN_CONSTANT_CONVERSION = YES;
				CLANG_WARN_DIRECT_OBJC_ISA_USAGE = YES_ERROR;
				CLANG_WARN_DOCUMENTATION_COMMENTS = YES;
				CLANG_WARN_EMPTY_BODY = YES;
				CLANG_WARN_ENUM_CONVERSION = YES;
				CLANG_WARN_INFINITE_RECURSION = YES;
				CLANG_WARN_INT_CONVERSION = YES;
				CLANG_WARN_NON_LITERAL_NULL_CONVERSION = YES;
				CLANG_WARN_OBJC_LITERAL_CONVERSION = YES;
				CLANG_WARN_OBJC_ROOT_CLASS = YES_ERROR;
				CLANG_WARN_RANGE_LOOP_ANALYSIS = YES;
				CLANG_WARN_STRICT_PROTOTYPES = YES;
				CLANG_WARN_SUSPICIOUS_MOVE = YES;
				CLANG_WARN_UNGUARDED_AVAILABILITY = YES_AGGRESSIVE;
				CLANG_WARN_UNREACHABLE_CODE = YES;
				CLANG_WARN__DUPLICATE_METHOD_MATCH = YES;
				CODE_SIGN_IDENTITY = "iPhone Developer";
				COPY_PHASE_STRIP = NO;
				DEBUG_INFORMATION_FORMAT = dwarf;
				ENABLE_STRICT_OBJC_MSGSEND = YES;
				ENABLE_TESTABILITY = YES;
				GCC_C_LANGUAGE_STANDARD = gnu11;
				GCC_DYNAMIC_NO_PIC = NO;
				GCC_NO_COMMON_BLOCKS = YES;
				GCC_OPTIMIZATION_LEVEL = 0;
				GCC_PREPROCESSOR_DEFINITIONS = (
					"DEBUG=1",
					"$(inherited)",
				);
				GCC_WARN_64_TO_32_BIT_CONVERSION = YES;
				GCC_WARN_ABOUT_RETURN_TYPE = YES_ERROR;
				GCC_WARN_UNDECLARED_SELECTOR = YES;
				GCC_WARN_UNINITIALIZED_AUTOS = YES_AGGRESSIVE;
				GCC_WARN_UNUSED_FUNCTION = YES;
				GCC_WARN_UNUSED_VARIABLE = YES;
				IPHONEOS_DEPLOYMENT_TARGET = 11.2;
				MTL_ENABLE_DEBUG_INFO = YES;
				ONLY_ACTIVE_ARCH = YES;
				SDKROOT = iphoneos;
			};
			name = Debug;
		};
		7CD46C8B20668BD3002B3745 /* Release */ = {
			isa = XCBuildConfiguration;
			buildSettings = {
				ALWAYS_SEARCH_USER_PATHS = NO;
				CLANG_ANALYZER_NONNULL = YES;
				CLANG_ANALYZER_NUMBER_OBJECT_CONVERSION = YES_AGGRESSIVE;
				CLANG_CXX_LANGUAGE_STANDARD = "gnu++14";
				CLANG_CXX_LIBRARY = "libc++";
				CLANG_ENABLE_MODULES = YES;
				CLANG_ENABLE_OBJC_ARC = YES;
				CLANG_WARN_BLOCK_CAPTURE_AUTORELEASING = YES;
				CLANG_WARN_BOOL_CONVERSION = YES;
				CLANG_WARN_COMMA = YES;
				CLANG_WARN_CONSTANT_CONVERSION = YES;
				CLANG_WARN_DIRECT_OBJC_ISA_USAGE = YES_ERROR;
				CLANG_WARN_DOCUMENTATION_COMMENTS = YES;
				CLANG_WARN_EMPTY_BODY = YES;
				CLANG_WARN_ENUM_CONVERSION = YES;
				CLANG_WARN_INFINITE_RECURSION = YES;
				CLANG_WARN_INT_CONVERSION = YES;
				CLANG_WARN_NON_LITERAL_NULL_CONVERSION = YES;
				CLANG_WARN_OBJC_LITERAL_CONVERSION = YES;
				CLANG_WARN_OBJC_ROOT_CLASS = YES_ERROR;
				CLANG_WARN_RANGE_LOOP_ANALYSIS = YES;
				CLANG_WARN_STRICT_PROTOTYPES = YES;
				CLANG_WARN_SUSPICIOUS_MOVE = YES;
				CLANG_WARN_UNGUARDED_AVAILABILITY = YES_AGGRESSIVE;
				CLANG_WARN_UNREACHABLE_CODE = YES;
				CLANG_WARN__DUPLICATE_METHOD_MATCH = YES;
				CODE_SIGN_IDENTITY = "iPhone Developer";
				COPY_PHASE_STRIP = NO;
				DEBUG_INFORMATION_FORMAT = "dwarf-with-dsym";
				ENABLE_NS_ASSERTIONS = NO;
				ENABLE_STRICT_OBJC_MSGSEND = YES;
				GCC_C_LANGUAGE_STANDARD = gnu11;
				GCC_NO_COMMON_BLOCKS = YES;
				GCC_WARN_64_TO_32_BIT_CONVERSION = YES;
				GCC_WARN_ABOUT_RETURN_TYPE = YES_ERROR;
				GCC_WARN_UNDECLARED_SELECTOR = YES;
				GCC_WARN_UNINITIALIZED_AUTOS = YES_AGGRESSIVE;
				GCC_WARN_UNUSED_FUNCTION = YES;
				GCC_WARN_UNUSED_VARIABLE = YES;
				IPHONEOS_DEPLOYMENT_TARGET = 11.2;
				MTL_ENABLE_DEBUG_INFO = NO;
				SDKROOT = iphoneos;
				VALIDATE_PRODUCT = YES;
			};
			name = Release;
		};
		7CD46C8D20668BD3002B3745 /* Debug */ = {
			isa = XCBuildConfiguration;
			buildSettings = {
				ASSETCATALOG_COMPILER_APPICON_NAME = AppIcon;
				CODE_SIGN_STYLE = Automatic;
				INFOPLIST_FILE = CustomTabBar/Info.plist;
				LD_RUNPATH_SEARCH_PATHS = "$(inherited) @executable_path/Frameworks";
				PRODUCT_BUNDLE_IDENTIFIER = SuperApp.CustomTabBar;
				PRODUCT_NAME = "$(TARGET_NAME)";
				TARGETED_DEVICE_FAMILY = "1,2";
			};
			name = Debug;
		};
		7CD46C8E20668BD3002B3745 /* Release */ = {
			isa = XCBuildConfiguration;
			buildSettings = {
				ASSETCATALOG_COMPILER_APPICON_NAME = AppIcon;
				CODE_SIGN_STYLE = Automatic;
				INFOPLIST_FILE = CustomTabBar/Info.plist;
				LD_RUNPATH_SEARCH_PATHS = "$(inherited) @executable_path/Frameworks";
				PRODUCT_BUNDLE_IDENTIFIER = SuperApp.CustomTabBar;
				PRODUCT_NAME = "$(TARGET_NAME)";
				TARGETED_DEVICE_FAMILY = "1,2";
			};
			name = Release;
		};
/* End XCBuildConfiguration section */

/* Begin XCConfigurationList section */
		7CD46C7120668BD3002B3745 /* Build configuration list for PBXProject "CustomTabBar" */ = {
			isa = XCConfigurationList;
			buildConfigurations = (
				7CD46C8A20668BD3002B3745 /* Debug */,
				7CD46C8B20668BD3002B3745 /* Release */,
			);
			defaultConfigurationIsVisible = 0;
			defaultConfigurationName = Release;
		};
		7CD46C8C20668BD3002B3745 /* Build configuration list for PBXNativeTarget "CustomTabBar" */ = {
			isa = XCConfigurationList;
			buildConfigurations = (
				7CD46C8D20668BD3002B3745 /* Debug */,
				7CD46C8E20668BD3002B3745 /* Release */,
			);
			defaultConfigurationIsVisible = 0;
			defaultConfigurationName = Release;
		};
/* End XCConfigurationList section */
	};
	rootObject = 7CD46C6E20668BD3002B3745 /* Project object */;
}
